
Microsoft Visual Studio Solution File, Format Version 11.00
# Visual C# Express 2010
Project("{FAE04EC0-301F-11D3-BF4B-00C04F79EFBC}") = "ConsoleProblemsOne", "ConsoleProblemsOne\ConsoleProblemsOne.csproj", "{E68AA66D-8DC5-48BF-A70D-EC83FD1211D7}"
EndProject
Project("{FAE04EC0-301F-11D3-BF4B-00C04F79EFBC}") = "Name", "Name\Name.csproj", "{C5CFD191-6D83-4B8A-9D97-D7ADD4AA238E}"
EndProject
Project("{FAE04EC0-301F-11D3-BF4B-00C04F79EFBC}") = "Address", "Address\Address.csproj", "{5A08C905-7BD4-4140-BCA8-99D842CC899E}"
EndProject
Global
	GlobalSection(SolutionConfigurationPlatforms) = preSolution
		Debug|x86 = Debug|x86
		Release|x86 = Release|x86
	EndGlobalSection
	GlobalSection(ProjectConfigurationPlatforms) = postSolution
		{E68AA66D-8DC5-48BF-A70D-EC83FD1211D7}.Debug|x86.ActiveCfg = Debug|x86
		{E68AA66D-8DC5-48BF-A70D-EC83FD1211D7}.Debug|x86.Build.0 = Debug|x86
		{E68AA66D-8DC5-48BF-A70D-EC83FD1211D7}.Release|x86.ActiveCfg = Release|x86
		{E68AA66D-8DC5-48BF-A70D-EC83FD1211D7}.Release|x86.Build.0 = Release|x86
		{C5CFD191-6D83-4B8A-9D97-D7ADD4AA238E}.Debug|x86.ActiveCfg = Debug|x86
		{C5CFD191-6D83-4B8A-9D97-D7ADD4AA238E}.Debug|x86.Build.0 = Debug|x86
		{C5CFD191-6D83-4B8A-9D97-D7ADD4AA238E}.Release|x86.ActiveCfg = Release|x86
		{C5CFD191-6D83-4B8A-9D97-D7ADD4AA238E}.Release|x86.Build.0 = Release|x86
		{5A08C905-7BD4-4140-BCA8-99D842CC899E}.Debug|x86.ActiveCfg = Debug|x86
		{5A08C905-7BD4-4140-BCA8-99D842CC899E}.Debug|x86.Build.0 = Debug|x86
		{5A08C905-7BD4-4140-BCA8-99D842CC899E}.Release|x86.ActiveCfg = Release|x86
		{5A08C905-7BD4-4140-BCA8-99D842CC899E}.Release|x86.Build.0 = Release|x86
	EndGlobalSection
	GlobalSection(SolutionProperties) = preSolution
		HideSolutionNode = FALSE
	EndGlobalSection
EndGlobal
